
Microsoft Visual Studio Solution File, Format Version 12.00
# Visual Studio Version 17
VisualStudioVersion = 17.9.34728.123
MinimumVisualStudioVersion = 10.0.40219.1
Project("{FAE04EC0-301F-11D3-BF4B-00C04F79EFBC}") = "kosti", "kosti\kosti.csproj", "{201D21D7-5039-421F-9556-DADA5BAFF6A9}"
EndProject
Global
	GlobalSection(SolutionConfigurationPlatforms) = preSolution
		Debug|Any CPU = Debug|Any CPU
		Release|Any CPU = Release|Any CPU
	EndGlobalSection
	GlobalSection(ProjectConfigurationPlatforms) = postSolution
		{201D21D7-5039-421F-9556-DADA5BAFF6A9}.Debug|Any CPU.ActiveCfg = Debug|Any CPU
		{201D21D7-5039-421F-9556-DADA5BAFF6A9}.Debug|Any CPU.Build.0 = Debug|Any CPU
		{201D21D7-5039-421F-9556-DADA5BAFF6A9}.Release|Any CPU.ActiveCfg = Release|Any CPU
		{201D21D7-5039-421F-9556-DADA5BAFF6A9}.Release|Any CPU.Build.0 = Release|Any CPU
	EndGlobalSection
	GlobalSection(SolutionProperties) = preSolution
		HideSolutionNode = FALSE
	EndGlobalSection
	GlobalSection(ExtensibilityGlobals) = postSolution
		SolutionGuid = {DB7826BF-93B5-4CCD-9E88-3D36DAB9F82D}
	EndGlobalSection
EndGlobal
